{
  "meteor": {},
  "dependencies": {
    "basePackages": {
      "jquery-csv": {},
      "moment": {}
    },
    "packages": {
      "jquery-csv": {
        "git": "https://github.com/donskifarrell/meteor-jquery-csv.git",
        "tag": "v0.7.1",
        "commit": "7a7d868dd85da5d64dc4a174a3e5d5e2bbf90c03"
      },
      "moment": {
        "git": "https://github.com/acreeger/meteor-moment.git",
        "tag": "v2.8.1",
        "commit": "722ea63783d594341023836b7d418ab2567dab8c"
      }
    }
  }
}
